
Microsoft Visual Studio Solution File, Format Version 12.00
# Visual Studio Version 16
VisualStudioVersion = 16.0.30523.141
MinimumVisualStudioVersion = 10.0.40219.1
Project("{9A19103F-16F7-4668-BE54-9A1E7A4F7556}") = "lec_001", "lec_001\lec_001.csproj", "{7D933D62-8CCA-4184-ADAE-70BFADA30876}"
EndProject
Project("{2150E333-8FDC-42A3-9474-1A3956D46DE8}") = "MyWork", "MyWork", "{7213053E-0FE3-4758-A397-AB3D86EC9FD2}"
EndProject
Project("{9A19103F-16F7-4668-BE54-9A1E7A4F7556}") = "gl_001_c", "gl_001\gl_001_c.csproj", "{B1F2A854-92D7-4793-B631-DAB7DE19EABC}"
EndProject
Project("{FAE04EC0-301F-11D3-BF4B-00C04F79EFBC}") = "gl_001_n", "gl_001_n\gl_001_n.csproj", "{A071710D-3214-48CE-B42E-B8EA74036415}"
EndProject
Project("{FAE04EC0-301F-11D3-BF4B-00C04F79EFBC}") = "gl_002_n", "gl_002_n\gl_002_n.csproj", "{0FA65A70-0457-4C20-87B1-48620F29DC82}"
EndProject
Project("{FAE04EC0-301F-11D3-BF4B-00C04F79EFBC}") = "gl_003_async_server", "gl_003_async_server\gl_003_async_server.csproj", "{A73E4EA6-7EBC-4A0D-BD70-31340FA1A12B}"
EndProject
Project("{FAE04EC0-301F-11D3-BF4B-00C04F79EFBC}") = "gl_004_async_server_v2", "gl_004_async_server_v2\gl_004_async_server_v2.csproj", "{4BAA9B27-24D0-4A73-9374-2EF0DD5908C2}"
EndProject
Project("{FAE04EC0-301F-11D3-BF4B-00C04F79EFBC}") = "gl_005_test_udp", "gl_005_test_udp\gl_005_test_udp.csproj", "{E109550D-50F7-4AC9-97F7-7FD19CCFCCA8}"
EndProject
Project("{FAE04EC0-301F-11D3-BF4B-00C04F79EFBC}") = "gl_005_test_udp_async", "gl_005_test_udp_async\gl_005_test_udp_async.csproj", "{5B7D333A-7B7B-464E-9B04-EC6D655921D7}"
EndProject
Project("{2150E333-8FDC-42A3-9474-1A3956D46DE8}") = "leo_tasks", "leo_tasks", "{E5C128BD-804E-4484-BC99-AE353286A90B}"
EndProject
Project("{FAE04EC0-301F-11D3-BF4B-00C04F79EFBC}") = "ht_0201_address", "ht_0201_address\ht_0201_address.csproj", "{3E2BA07C-83E3-47EB-95B6-988EFEFC8AD1}"
EndProject
Project("{FAE04EC0-301F-11D3-BF4B-00C04F79EFBC}") = "ht_0201_ping", "ht_0201_ping\ht_0201_ping.csproj", "{827FCB8F-6199-4F5B-A240-CB0B0C5F6B08}"
EndProject
Project("{9A19103F-16F7-4668-BE54-9A1E7A4F7556}") = "ht_0201_ping_v2", "ht_0201_ping_v2\ht_0201_ping_v2.csproj", "{A19CE6E7-3195-408D-A6D4-CC8573E6EB66}"
EndProject
Project("{2150E333-8FDC-42A3-9474-1A3956D46DE8}") = "MyShit", "MyShit", "{E4BC8972-8EF8-4A0F-B101-D6FA8564CA49}"
EndProject
Project("{FAE04EC0-301F-11D3-BF4B-00C04F79EFBC}") = "ms_001_ChatServer", "ms_001_ChatServer\ms_001_ChatServer.csproj", "{07F52670-A813-4464-B67A-581C9B359EE4}"
EndProject
Project("{FAE04EC0-301F-11D3-BF4B-00C04F79EFBC}") = "ms_001_ChatClient", "ms_001_ChatClient\ms_001_ChatClient.csproj", "{3BCBDC33-0080-4BD3-AD17-E02BAA288464}"
EndProject
Project("{FAE04EC0-301F-11D3-BF4B-00C04F79EFBC}") = "ms_33_6_1_Listen_for_Socket_Request_in_Thread", "ms_33_6_1_Listen_for_Socket_Request_in_Thread\ms_33_6_1_Listen_for_Socket_Request_in_Thread.csproj", "{E67B5590-F643-4B04-A3BC-0995C888718D}"
EndProject
Project("{FAE04EC0-301F-11D3-BF4B-00C04F79EFBC}") = "ms_33_6_2_Use background_thread_to_deal_with_the_Server_socket", "33_6_2_Use background_thread_to_deal_with_the_Server_socket\ms_33_6_2_Use background_thread_to_deal_with_the_Server_socket.csproj", "{A50EAB10-387B-4FB1-88C2-3624BC311ABC}"
EndProject
Project("{FAE04EC0-301F-11D3-BF4B-00C04F79EFBC}") = "ms_33_6_3_Accepting_a_socket_connection_(simple_file-server)", "ms_33_6_3_Accepting_a_socket_connection_(simple_file-server)\ms_33_6_3_Accepting_a_socket_connection_(simple_file-server).csproj", "{3AA4377F-8B3D-418D-82B6-2E1A72AFF8E6}"
EndProject
Project("{8BC9CEB8-8B4A-11D0-8D11-00A0C91BC942}") = "lec_002", "lec_002\lec_002.vcxproj", "{676FCB2C-628D-4A71-88F3-A63574DFB740}"
EndProject
Project("{FAE04EC0-301F-11D3-BF4B-00C04F79EFBC}") = "ht_0102_clock_server", "ht_0102_clock_server\ht_0102_clock_server.csproj", "{B8CFB165-9C94-4AE6-8543-87672841FDB7}"
EndProject
Project("{FAE04EC0-301F-11D3-BF4B-00C04F79EFBC}") = "ht_0102_clock_client", "ht_0102_clock_client\ht_0102_clock_client.csproj", "{5128D621-4AD1-4803-B99E-8EABF08A2ABF}"
EndProject
Global
	GlobalSection(SolutionConfigurationPlatforms) = preSolution
		Debug|Any CPU = Debug|Any CPU
		Debug|x64 = Debug|x64
		Debug|x86 = Debug|x86
		Release|Any CPU = Release|Any CPU
		Release|x64 = Release|x64
		Release|x86 = Release|x86
	EndGlobalSection
	GlobalSection(ProjectConfigurationPlatforms) = postSolution
		{7D933D62-8CCA-4184-ADAE-70BFADA30876}.Debug|Any CPU.ActiveCfg = Debug|Any CPU
		{7D933D62-8CCA-4184-ADAE-70BFADA30876}.Debug|Any CPU.Build.0 = Debug|Any CPU
		{7D933D62-8CCA-4184-ADAE-70BFADA30876}.Debug|x64.ActiveCfg = Debug|Any CPU
		{7D933D62-8CCA-4184-ADAE-70BFADA30876}.Debug|x64.Build.0 = Debug|Any CPU
		{7D933D62-8CCA-4184-ADAE-70BFADA30876}.Debug|x86.ActiveCfg = Debug|Any CPU
		{7D933D62-8CCA-4184-ADAE-70BFADA30876}.Debug|x86.Build.0 = Debug|Any CPU
		{7D933D62-8CCA-4184-ADAE-70BFADA30876}.Release|Any CPU.ActiveCfg = Release|Any CPU
		{7D933D62-8CCA-4184-ADAE-70BFADA30876}.Release|Any CPU.Build.0 = Release|Any CPU
		{7D933D62-8CCA-4184-ADAE-70BFADA30876}.Release|x64.ActiveCfg = Release|Any CPU
		{7D933D62-8CCA-4184-ADAE-70BFADA30876}.Release|x64.Build.0 = Release|Any CPU
		{7D933D62-8CCA-4184-ADAE-70BFADA30876}.Release|x86.ActiveCfg = Release|Any CPU
		{7D933D62-8CCA-4184-ADAE-70BFADA30876}.Release|x86.Build.0 = Release|Any CPU
		{B1F2A854-92D7-4793-B631-DAB7DE19EABC}.Debug|Any CPU.ActiveCfg = Debug|Any CPU
		{B1F2A854-92D7-4793-B631-DAB7DE19EABC}.Debug|Any CPU.Build.0 = Debug|Any CPU
		{B1F2A854-92D7-4793-B631-DAB7DE19EABC}.Debug|x64.ActiveCfg = Debug|Any CPU
		{B1F2A854-92D7-4793-B631-DAB7DE19EABC}.Debug|x64.Build.0 = Debug|Any CPU
		{B1F2A854-92D7-4793-B631-DAB7DE19EABC}.Debug|x86.ActiveCfg = Debug|Any CPU
		{B1F2A854-92D7-4793-B631-DAB7DE19EABC}.Debug|x86.Build.0 = Debug|Any CPU
		{B1F2A854-92D7-4793-B631-DAB7DE19EABC}.Release|Any CPU.ActiveCfg = Release|Any CPU
		{B1F2A854-92D7-4793-B631-DAB7DE19EABC}.Release|Any CPU.Build.0 = Release|Any CPU
		{B1F2A854-92D7-4793-B631-DAB7DE19EABC}.Release|x64.ActiveCfg = Release|Any CPU
		{B1F2A854-92D7-4793-B631-DAB7DE19EABC}.Release|x64.Build.0 = Release|Any CPU
		{B1F2A854-92D7-4793-B631-DAB7DE19EABC}.Release|x86.ActiveCfg = Release|Any CPU
		{B1F2A854-92D7-4793-B631-DAB7DE19EABC}.Release|x86.Build.0 = Release|Any CPU
		{A071710D-3214-48CE-B42E-B8EA74036415}.Debug|Any CPU.ActiveCfg = Debug|Any CPU
		{A071710D-3214-48CE-B42E-B8EA74036415}.Debug|Any CPU.Build.0 = Debug|Any CPU
		{A071710D-3214-48CE-B42E-B8EA74036415}.Debug|x64.ActiveCfg = Debug|Any CPU
		{A071710D-3214-48CE-B42E-B8EA74036415}.Debug|x64.Build.0 = Debug|Any CPU
		{A071710D-3214-48CE-B42E-B8EA74036415}.Debug|x86.ActiveCfg = Debug|Any CPU
		{A071710D-3214-48CE-B42E-B8EA74036415}.Debug|x86.Build.0 = Debug|Any CPU
		{A071710D-3214-48CE-B42E-B8EA74036415}.Release|Any CPU.ActiveCfg = Release|Any CPU
		{A071710D-3214-48CE-B42E-B8EA74036415}.Release|Any CPU.Build.0 = Release|Any CPU
		{A071710D-3214-48CE-B42E-B8EA74036415}.Release|x64.ActiveCfg = Release|Any CPU
		{A071710D-3214-48CE-B42E-B8EA74036415}.Release|x64.Build.0 = Release|Any CPU
		{A071710D-3214-48CE-B42E-B8EA74036415}.Release|x86.ActiveCfg = Release|Any CPU
		{A071710D-3214-48CE-B42E-B8EA74036415}.Release|x86.Build.0 = Release|Any CPU
		{0FA65A70-0457-4C20-87B1-48620F29DC82}.Debug|Any CPU.ActiveCfg = Debug|Any CPU
		{0FA65A70-0457-4C20-87B1-48620F29DC82}.Debug|Any CPU.Build.0 = Debug|Any CPU
		{0FA65A70-0457-4C20-87B1-48620F29DC82}.Debug|x64.ActiveCfg = Debug|Any CPU
		{0FA65A70-0457-4C20-87B1-48620F29DC82}.Debug|x64.Build.0 = Debug|Any CPU
		{0FA65A70-0457-4C20-87B1-48620F29DC82}.Debug|x86.ActiveCfg = Debug|Any CPU
		{0FA65A70-0457-4C20-87B1-48620F29DC82}.Debug|x86.Build.0 = Debug|Any CPU
		{0FA65A70-0457-4C20-87B1-48620F29DC82}.Release|Any CPU.ActiveCfg = Release|Any CPU
		{0FA65A70-0457-4C20-87B1-48620F29DC82}.Release|Any CPU.Build.0 = Release|Any CPU
		{0FA65A70-0457-4C20-87B1-48620F29DC82}.Release|x64.ActiveCfg = Release|Any CPU
		{0FA65A70-0457-4C20-87B1-48620F29DC82}.Release|x64.Build.0 = Release|Any CPU
		{0FA65A70-0457-4C20-87B1-48620F29DC82}.Release|x86.ActiveCfg = Release|Any CPU
		{0FA65A70-0457-4C20-87B1-48620F29DC82}.Release|x86.Build.0 = Release|Any CPU
		{A73E4EA6-7EBC-4A0D-BD70-31340FA1A12B}.Debug|Any CPU.ActiveCfg = Debug|Any CPU
		{A73E4EA6-7EBC-4A0D-BD70-31340FA1A12B}.Debug|Any CPU.Build.0 = Debug|Any CPU
		{A73E4EA6-7EBC-4A0D-BD70-31340FA1A12B}.Debug|x64.ActiveCfg = Debug|Any CPU
		{A73E4EA6-7EBC-4A0D-BD70-31340FA1A12B}.Debug|x64.Build.0 = Debug|Any CPU
		{A73E4EA6-7EBC-4A0D-BD70-31340FA1A12B}.Debug|x86.ActiveCfg = Debug|Any CPU
		{A73E4EA6-7EBC-4A0D-BD70-31340FA1A12B}.Debug|x86.Build.0 = Debug|Any CPU
		{A73E4EA6-7EBC-4A0D-BD70-31340FA1A12B}.Release|Any CPU.ActiveCfg = Release|Any CPU
		{A73E4EA6-7EBC-4A0D-BD70-31340FA1A12B}.Release|Any CPU.Build.0 = Release|Any CPU
		{A73E4EA6-7EBC-4A0D-BD70-31340FA1A12B}.Release|x64.ActiveCfg = Release|Any CPU
		{A73E4EA6-7EBC-4A0D-BD70-31340FA1A12B}.Release|x64.Build.0 = Release|Any CPU
		{A73E4EA6-7EBC-4A0D-BD70-31340FA1A12B}.Release|x86.ActiveCfg = Release|Any CPU
		{A73E4EA6-7EBC-4A0D-BD70-31340FA1A12B}.Release|x86.Build.0 = Release|Any CPU
		{4BAA9B27-24D0-4A73-9374-2EF0DD5908C2}.Debug|Any CPU.ActiveCfg = Debug|Any CPU
		{4BAA9B27-24D0-4A73-9374-2EF0DD5908C2}.Debug|Any CPU.Build.0 = Debug|Any CPU
		{4BAA9B27-24D0-4A73-9374-2EF0DD5908C2}.Debug|x64.ActiveCfg = Debug|Any CPU
		{4BAA9B27-24D0-4A73-9374-2EF0DD5908C2}.Debug|x64.Build.0 = Debug|Any CPU
		{4BAA9B27-24D0-4A73-9374-2EF0DD5908C2}.Debug|x86.ActiveCfg = Debug|Any CPU
		{4BAA9B27-24D0-4A73-9374-2EF0DD5908C2}.Debug|x86.Build.0 = Debug|Any CPU
		{4BAA9B27-24D0-4A73-9374-2EF0DD5908C2}.Release|Any CPU.ActiveCfg = Release|Any CPU
		{4BAA9B27-24D0-4A73-9374-2EF0DD5908C2}.Release|Any CPU.Build.0 = Release|Any CPU
		{4BAA9B27-24D0-4A73-9374-2EF0DD5908C2}.Release|x64.ActiveCfg = Release|Any CPU
		{4BAA9B27-24D0-4A73-9374-2EF0DD5908C2}.Release|x64.Build.0 = Release|Any CPU
		{4BAA9B27-24D0-4A73-9374-2EF0DD5908C2}.Release|x86.ActiveCfg = Release|Any CPU
		{4BAA9B27-24D0-4A73-9374-2EF0DD5908C2}.Release|x86.Build.0 = Release|Any CPU
		{E109550D-50F7-4AC9-97F7-7FD19CCFCCA8}.Debug|Any CPU.ActiveCfg = Debug|Any CPU
		{E109550D-50F7-4AC9-97F7-7FD19CCFCCA8}.Debug|Any CPU.Build.0 = Debug|Any CPU
		{E109550D-50F7-4AC9-97F7-7FD19CCFCCA8}.Debug|x64.ActiveCfg = Debug|Any CPU
		{E109550D-50F7-4AC9-97F7-7FD19CCFCCA8}.Debug|x64.Build.0 = Debug|Any CPU
		{E109550D-50F7-4AC9-97F7-7FD19CCFCCA8}.Debug|x86.ActiveCfg = Debug|Any CPU
		{E109550D-50F7-4AC9-97F7-7FD19CCFCCA8}.Debug|x86.Build.0 = Debug|Any CPU
		{E109550D-50F7-4AC9-97F7-7FD19CCFCCA8}.Release|Any CPU.ActiveCfg = Release|Any CPU
		{E109550D-50F7-4AC9-97F7-7FD19CCFCCA8}.Release|Any CPU.Build.0 = Release|Any CPU
		{E109550D-50F7-4AC9-97F7-7FD19CCFCCA8}.Release|x64.ActiveCfg = Release|Any CPU
		{E109550D-50F7-4AC9-97F7-7FD19CCFCCA8}.Release|x64.Build.0 = Release|Any CPU
		{E109550D-50F7-4AC9-97F7-7FD19CCFCCA8}.Release|x86.ActiveCfg = Release|Any CPU
		{E109550D-50F7-4AC9-97F7-7FD19CCFCCA8}.Release|x86.Build.0 = Release|Any CPU
		{5B7D333A-7B7B-464E-9B04-EC6D655921D7}.Debug|Any CPU.ActiveCfg = Debug|Any CPU
		{5B7D333A-7B7B-464E-9B04-EC6D655921D7}.Debug|Any CPU.Build.0 = Debug|Any CPU
		{5B7D333A-7B7B-464E-9B04-EC6D655921D7}.Debug|x64.ActiveCfg = Debug|Any CPU
		{5B7D333A-7B7B-464E-9B04-EC6D655921D7}.Debug|x64.Build.0 = Debug|Any CPU
		{5B7D333A-7B7B-464E-9B04-EC6D655921D7}.Debug|x86.ActiveCfg = Debug|Any CPU
		{5B7D333A-7B7B-464E-9B04-EC6D655921D7}.Debug|x86.Build.0 = Debug|Any CPU
		{5B7D333A-7B7B-464E-9B04-EC6D655921D7}.Release|Any CPU.ActiveCfg = Release|Any CPU
		{5B7D333A-7B7B-464E-9B04-EC6D655921D7}.Release|Any CPU.Build.0 = Release|Any CPU
		{5B7D333A-7B7B-464E-9B04-EC6D655921D7}.Release|x64.ActiveCfg = Release|Any CPU
		{5B7D333A-7B7B-464E-9B04-EC6D655921D7}.Release|x64.Build.0 = Release|Any CPU
		{5B7D333A-7B7B-464E-9B04-EC6D655921D7}.Release|x86.ActiveCfg = Release|Any CPU
		{5B7D333A-7B7B-464E-9B04-EC6D655921D7}.Release|x86.Build.0 = Release|Any CPU
		{3E2BA07C-83E3-47EB-95B6-988EFEFC8AD1}.Debug|Any CPU.ActiveCfg = Debug|Any CPU
		{3E2BA07C-83E3-47EB-95B6-988EFEFC8AD1}.Debug|Any CPU.Build.0 = Debug|Any CPU
		{3E2BA07C-83E3-47EB-95B6-988EFEFC8AD1}.Debug|x64.ActiveCfg = Debug|Any CPU
		{3E2BA07C-83E3-47EB-95B6-988EFEFC8AD1}.Debug|x64.Build.0 = Debug|Any CPU
		{3E2BA07C-83E3-47EB-95B6-988EFEFC8AD1}.Debug|x86.ActiveCfg = Debug|Any CPU
		{3E2BA07C-83E3-47EB-95B6-988EFEFC8AD1}.Debug|x86.Build.0 = Debug|Any CPU
		{3E2BA07C-83E3-47EB-95B6-988EFEFC8AD1}.Release|Any CPU.ActiveCfg = Release|Any CPU
		{3E2BA07C-83E3-47EB-95B6-988EFEFC8AD1}.Release|Any CPU.Build.0 = Release|Any CPU
		{3E2BA07C-83E3-47EB-95B6-988EFEFC8AD1}.Release|x64.ActiveCfg = Release|Any CPU
		{3E2BA07C-83E3-47EB-95B6-988EFEFC8AD1}.Release|x64.Build.0 = Release|Any CPU
		{3E2BA07C-83E3-47EB-95B6-988EFEFC8AD1}.Release|x86.ActiveCfg = Release|Any CPU
		{3E2BA07C-83E3-47EB-95B6-988EFEFC8AD1}.Release|x86.Build.0 = Release|Any CPU
		{827FCB8F-6199-4F5B-A240-CB0B0C5F6B08}.Debug|Any CPU.ActiveCfg = Debug|Any CPU
		{827FCB8F-6199-4F5B-A240-CB0B0C5F6B08}.Debug|Any CPU.Build.0 = Debug|Any CPU
		{827FCB8F-6199-4F5B-A240-CB0B0C5F6B08}.Debug|x64.ActiveCfg = Debug|Any CPU
		{827FCB8F-6199-4F5B-A240-CB0B0C5F6B08}.Debug|x64.Build.0 = Debug|Any CPU
		{827FCB8F-6199-4F5B-A240-CB0B0C5F6B08}.Debug|x86.ActiveCfg = Debug|Any CPU
		{827FCB8F-6199-4F5B-A240-CB0B0C5F6B08}.Debug|x86.Build.0 = Debug|Any CPU
		{827FCB8F-6199-4F5B-A240-CB0B0C5F6B08}.Release|Any CPU.ActiveCfg = Release|Any CPU
		{827FCB8F-6199-4F5B-A240-CB0B0C5F6B08}.Release|Any CPU.Build.0 = Release|Any CPU
		{827FCB8F-6199-4F5B-A240-CB0B0C5F6B08}.Release|x64.ActiveCfg = Release|Any CPU
		{827FCB8F-6199-4F5B-A240-CB0B0C5F6B08}.Release|x64.Build.0 = Release|Any CPU
		{827FCB8F-6199-4F5B-A240-CB0B0C5F6B08}.Release|x86.ActiveCfg = Release|Any CPU
		{827FCB8F-6199-4F5B-A240-CB0B0C5F6B08}.Release|x86.Build.0 = Release|Any CPU
		{A19CE6E7-3195-408D-A6D4-CC8573E6EB66}.Debug|Any CPU.ActiveCfg = Debug|Any CPU
		{A19CE6E7-3195-408D-A6D4-CC8573E6EB66}.Debug|Any CPU.Build.0 = Debug|Any CPU
		{A19CE6E7-3195-408D-A6D4-CC8573E6EB66}.Debug|x64.ActiveCfg = Debug|Any CPU
		{A19CE6E7-3195-408D-A6D4-CC8573E6EB66}.Debug|x64.Build.0 = Debug|Any CPU
		{A19CE6E7-3195-408D-A6D4-CC8573E6EB66}.Debug|x86.ActiveCfg = Debug|Any CPU
		{A19CE6E7-3195-408D-A6D4-CC8573E6EB66}.Debug|x86.Build.0 = Debug|Any CPU
		{A19CE6E7-3195-408D-A6D4-CC8573E6EB66}.Release|Any CPU.ActiveCfg = Release|Any CPU
		{A19CE6E7-3195-408D-A6D4-CC8573E6EB66}.Release|Any CPU.Build.0 = Release|Any CPU
		{A19CE6E7-3195-408D-A6D4-CC8573E6EB66}.Release|x64.ActiveCfg = Release|Any CPU
		{A19CE6E7-3195-408D-A6D4-CC8573E6EB66}.Release|x64.Build.0 = Release|Any CPU
		{A19CE6E7-3195-408D-A6D4-CC8573E6EB66}.Release|x86.ActiveCfg = Release|Any CPU
		{A19CE6E7-3195-408D-A6D4-CC8573E6EB66}.Release|x86.Build.0 = Release|Any CPU
		{07F52670-A813-4464-B67A-581C9B359EE4}.Debug|Any CPU.ActiveCfg = Debug|Any CPU
		{07F52670-A813-4464-B67A-581C9B359EE4}.Debug|Any CPU.Build.0 = Debug|Any CPU
		{07F52670-A813-4464-B67A-581C9B359EE4}.Debug|x64.ActiveCfg = Debug|Any CPU
		{07F52670-A813-4464-B67A-581C9B359EE4}.Debug|x64.Build.0 = Debug|Any CPU
		{07F52670-A813-4464-B67A-581C9B359EE4}.Debug|x86.ActiveCfg = Debug|Any CPU
		{07F52670-A813-4464-B67A-581C9B359EE4}.Debug|x86.Build.0 = Debug|Any CPU
		{07F52670-A813-4464-B67A-581C9B359EE4}.Release|Any CPU.ActiveCfg = Release|Any CPU
		{07F52670-A813-4464-B67A-581C9B359EE4}.Release|Any CPU.Build.0 = Release|Any CPU
		{07F52670-A813-4464-B67A-581C9B359EE4}.Release|x64.ActiveCfg = Release|Any CPU
		{07F52670-A813-4464-B67A-581C9B359EE4}.Release|x64.Build.0 = Release|Any CPU
		{07F52670-A813-4464-B67A-581C9B359EE4}.Release|x86.ActiveCfg = Release|Any CPU
		{07F52670-A813-4464-B67A-581C9B359EE4}.Release|x86.Build.0 = Release|Any CPU
		{3BCBDC33-0080-4BD3-AD17-E02BAA288464}.Debug|Any CPU.ActiveCfg = Debug|Any CPU
		{3BCBDC33-0080-4BD3-AD17-E02BAA288464}.Debug|Any CPU.Build.0 = Debug|Any CPU
		{3BCBDC33-0080-4BD3-AD17-E02BAA288464}.Debug|x64.ActiveCfg = Debug|Any CPU
		{3BCBDC33-0080-4BD3-AD17-E02BAA288464}.Debug|x64.Build.0 = Debug|Any CPU
		{3BCBDC33-0080-4BD3-AD17-E02BAA288464}.Debug|x86.ActiveCfg = Debug|Any CPU
		{3BCBDC33-0080-4BD3-AD17-E02BAA288464}.Debug|x86.Build.0 = Debug|Any CPU
		{3BCBDC33-0080-4BD3-AD17-E02BAA288464}.Release|Any CPU.ActiveCfg = Release|Any CPU
		{3BCBDC33-0080-4BD3-AD17-E02BAA288464}.Release|Any CPU.Build.0 = Release|Any CPU
		{3BCBDC33-0080-4BD3-AD17-E02BAA288464}.Release|x64.ActiveCfg = Release|Any CPU
		{3BCBDC33-0080-4BD3-AD17-E02BAA288464}.Release|x64.Build.0 = Release|Any CPU
		{3BCBDC33-0080-4BD3-AD17-E02BAA288464}.Release|x86.ActiveCfg = Release|Any CPU
		{3BCBDC33-0080-4BD3-AD17-E02BAA288464}.Release|x86.Build.0 = Release|Any CPU
		{E67B5590-F643-4B04-A3BC-0995C888718D}.Debug|Any CPU.ActiveCfg = Debug|Any CPU
		{E67B5590-F643-4B04-A3BC-0995C888718D}.Debug|Any CPU.Build.0 = Debug|Any CPU
		{E67B5590-F643-4B04-A3BC-0995C888718D}.Debug|x64.ActiveCfg = Debug|Any CPU
		{E67B5590-F643-4B04-A3BC-0995C888718D}.Debug|x64.Build.0 = Debug|Any CPU
		{E67B5590-F643-4B04-A3BC-0995C888718D}.Debug|x86.ActiveCfg = Debug|Any CPU
		{E67B5590-F643-4B04-A3BC-0995C888718D}.Debug|x86.Build.0 = Debug|Any CPU
		{E67B5590-F643-4B04-A3BC-0995C888718D}.Release|Any CPU.ActiveCfg = Release|Any CPU
		{E67B5590-F643-4B04-A3BC-0995C888718D}.Release|Any CPU.Build.0 = Release|Any CPU
		{E67B5590-F643-4B04-A3BC-0995C888718D}.Release|x64.ActiveCfg = Release|Any CPU
		{E67B5590-F643-4B04-A3BC-0995C888718D}.Release|x64.Build.0 = Release|Any CPU
		{E67B5590-F643-4B04-A3BC-0995C888718D}.Release|x86.ActiveCfg = Release|Any CPU
		{E67B5590-F643-4B04-A3BC-0995C888718D}.Release|x86.Build.0 = Release|Any CPU
		{A50EAB10-387B-4FB1-88C2-3624BC311ABC}.Debug|Any CPU.ActiveCfg = Debug|Any CPU
		{A50EAB10-387B-4FB1-88C2-3624BC311ABC}.Debug|Any CPU.Build.0 = Debug|Any CPU
		{A50EAB10-387B-4FB1-88C2-3624BC311ABC}.Debug|x64.ActiveCfg = Debug|Any CPU
		{A50EAB10-387B-4FB1-88C2-3624BC311ABC}.Debug|x64.Build.0 = Debug|Any CPU
		{A50EAB10-387B-4FB1-88C2-3624BC311ABC}.Debug|x86.ActiveCfg = Debug|Any CPU
		{A50EAB10-387B-4FB1-88C2-3624BC311ABC}.Debug|x86.Build.0 = Debug|Any CPU
		{A50EAB10-387B-4FB1-88C2-3624BC311ABC}.Release|Any CPU.ActiveCfg = Release|Any CPU
		{A50EAB10-387B-4FB1-88C2-3624BC311ABC}.Release|Any CPU.Build.0 = Release|Any CPU
		{A50EAB10-387B-4FB1-88C2-3624BC311ABC}.Release|x64.ActiveCfg = Release|Any CPU
		{A50EAB10-387B-4FB1-88C2-3624BC311ABC}.Release|x64.Build.0 = Release|Any CPU
		{A50EAB10-387B-4FB1-88C2-3624BC311ABC}.Release|x86.ActiveCfg = Release|Any CPU
		{A50EAB10-387B-4FB1-88C2-3624BC311ABC}.Release|x86.Build.0 = Release|Any CPU
		{3AA4377F-8B3D-418D-82B6-2E1A72AFF8E6}.Debug|Any CPU.ActiveCfg = Debug|Any CPU
		{3AA4377F-8B3D-418D-82B6-2E1A72AFF8E6}.Debug|Any CPU.Build.0 = Debug|Any CPU
		{3AA4377F-8B3D-418D-82B6-2E1A72AFF8E6}.Debug|x64.ActiveCfg = Debug|Any CPU
		{3AA4377F-8B3D-418D-82B6-2E1A72AFF8E6}.Debug|x64.Build.0 = Debug|Any CPU
		{3AA4377F-8B3D-418D-82B6-2E1A72AFF8E6}.Debug|x86.ActiveCfg = Debug|Any CPU
		{3AA4377F-8B3D-418D-82B6-2E1A72AFF8E6}.Debug|x86.Build.0 = Debug|Any CPU
		{3AA4377F-8B3D-418D-82B6-2E1A72AFF8E6}.Release|Any CPU.ActiveCfg = Release|Any CPU
		{3AA4377F-8B3D-418D-82B6-2E1A72AFF8E6}.Release|Any CPU.Build.0 = Release|Any CPU
		{3AA4377F-8B3D-418D-82B6-2E1A72AFF8E6}.Release|x64.ActiveCfg = Release|Any CPU
		{3AA4377F-8B3D-418D-82B6-2E1A72AFF8E6}.Release|x64.Build.0 = Release|Any CPU
		{3AA4377F-8B3D-418D-82B6-2E1A72AFF8E6}.Release|x86.ActiveCfg = Release|Any CPU
		{3AA4377F-8B3D-418D-82B6-2E1A72AFF8E6}.Release|x86.Build.0 = Release|Any CPU
		{676FCB2C-628D-4A71-88F3-A63574DFB740}.Debug|Any CPU.ActiveCfg = Debug|Win32
		{676FCB2C-628D-4A71-88F3-A63574DFB740}.Debug|x64.ActiveCfg = Debug|x64
		{676FCB2C-628D-4A71-88F3-A63574DFB740}.Debug|x64.Build.0 = Debug|x64
		{676FCB2C-628D-4A71-88F3-A63574DFB740}.Debug|x86.ActiveCfg = Debug|Win32
		{676FCB2C-628D-4A71-88F3-A63574DFB740}.Debug|x86.Build.0 = Debug|Win32
		{676FCB2C-628D-4A71-88F3-A63574DFB740}.Release|Any CPU.ActiveCfg = Release|Win32
		{676FCB2C-628D-4A71-88F3-A63574DFB740}.Release|x64.ActiveCfg = Release|x64
		{676FCB2C-628D-4A71-88F3-A63574DFB740}.Release|x64.Build.0 = Release|x64
		{676FCB2C-628D-4A71-88F3-A63574DFB740}.Release|x86.ActiveCfg = Release|Win32
		{676FCB2C-628D-4A71-88F3-A63574DFB740}.Release|x86.Build.0 = Release|Win32
		{B8CFB165-9C94-4AE6-8543-87672841FDB7}.Debug|Any CPU.ActiveCfg = Debug|Any CPU
		{B8CFB165-9C94-4AE6-8543-87672841FDB7}.Debug|Any CPU.Build.0 = Debug|Any CPU
		{B8CFB165-9C94-4AE6-8543-87672841FDB7}.Debug|x64.ActiveCfg = Debug|Any CPU
		{B8CFB165-9C94-4AE6-8543-87672841FDB7}.Debug|x64.Build.0 = Debug|Any CPU
		{B8CFB165-9C94-4AE6-8543-87672841FDB7}.Debug|x86.ActiveCfg = Debug|Any CPU
		{B8CFB165-9C94-4AE6-8543-87672841FDB7}.Debug|x86.Build.0 = Debug|Any CPU
		{B8CFB165-9C94-4AE6-8543-87672841FDB7}.Release|Any CPU.ActiveCfg = Release|Any CPU
		{B8CFB165-9C94-4AE6-8543-87672841FDB7}.Release|Any CPU.Build.0 = Release|Any CPU
		{B8CFB165-9C94-4AE6-8543-87672841FDB7}.Release|x64.ActiveCfg = Release|Any CPU
		{B8CFB165-9C94-4AE6-8543-87672841FDB7}.Release|x64.Build.0 = Release|Any CPU
		{B8CFB165-9C94-4AE6-8543-87672841FDB7}.Release|x86.ActiveCfg = Release|Any CPU
		{B8CFB165-9C94-4AE6-8543-87672841FDB7}.Release|x86.Build.0 = Release|Any CPU
		{5128D621-4AD1-4803-B99E-8EABF08A2ABF}.Debug|Any CPU.ActiveCfg = Debug|Any CPU
		{5128D621-4AD1-4803-B99E-8EABF08A2ABF}.Debug|Any CPU.Build.0 = Debug|Any CPU
		{5128D621-4AD1-4803-B99E-8EABF08A2ABF}.Debug|x64.ActiveCfg = Debug|Any CPU
		{5128D621-4AD1-4803-B99E-8EABF08A2ABF}.Debug|x64.Build.0 = Debug|Any CPU
		{5128D621-4AD1-4803-B99E-8EABF08A2ABF}.Debug|x86.ActiveCfg = Debug|Any CPU
		{5128D621-4AD1-4803-B99E-8EABF08A2ABF}.Debug|x86.Build.0 = Debug|Any CPU
		{5128D621-4AD1-4803-B99E-8EABF08A2ABF}.Release|Any CPU.ActiveCfg = Release|Any CPU
		{5128D621-4AD1-4803-B99E-8EABF08A2ABF}.Release|Any CPU.Build.0 = Release|Any CPU
		{5128D621-4AD1-4803-B99E-8EABF08A2ABF}.Release|x64.ActiveCfg = Release|Any CPU
		{5128D621-4AD1-4803-B99E-8EABF08A2ABF}.Release|x64.Build.0 = Release|Any CPU
		{5128D621-4AD1-4803-B99E-8EABF08A2ABF}.Release|x86.ActiveCfg = Release|Any CPU
		{5128D621-4AD1-4803-B99E-8EABF08A2ABF}.Release|x86.Build.0 = Release|Any CPU
	EndGlobalSection
	GlobalSection(SolutionProperties) = preSolution
		HideSolutionNode = FALSE
	EndGlobalSection
	GlobalSection(NestedProjects) = preSolution
		{B1F2A854-92D7-4793-B631-DAB7DE19EABC} = {7213053E-0FE3-4758-A397-AB3D86EC9FD2}
		{A071710D-3214-48CE-B42E-B8EA74036415} = {7213053E-0FE3-4758-A397-AB3D86EC9FD2}
		{0FA65A70-0457-4C20-87B1-48620F29DC82} = {7213053E-0FE3-4758-A397-AB3D86EC9FD2}
		{A73E4EA6-7EBC-4A0D-BD70-31340FA1A12B} = {7213053E-0FE3-4758-A397-AB3D86EC9FD2}
		{4BAA9B27-24D0-4A73-9374-2EF0DD5908C2} = {7213053E-0FE3-4758-A397-AB3D86EC9FD2}
		{E109550D-50F7-4AC9-97F7-7FD19CCFCCA8} = {7213053E-0FE3-4758-A397-AB3D86EC9FD2}
		{5B7D333A-7B7B-464E-9B04-EC6D655921D7} = {7213053E-0FE3-4758-A397-AB3D86EC9FD2}
		{3E2BA07C-83E3-47EB-95B6-988EFEFC8AD1} = {E5C128BD-804E-4484-BC99-AE353286A90B}
		{827FCB8F-6199-4F5B-A240-CB0B0C5F6B08} = {E5C128BD-804E-4484-BC99-AE353286A90B}
		{A19CE6E7-3195-408D-A6D4-CC8573E6EB66} = {E5C128BD-804E-4484-BC99-AE353286A90B}
		{07F52670-A813-4464-B67A-581C9B359EE4} = {E4BC8972-8EF8-4A0F-B101-D6FA8564CA49}
		{3BCBDC33-0080-4BD3-AD17-E02BAA288464} = {E4BC8972-8EF8-4A0F-B101-D6FA8564CA49}
		{E67B5590-F643-4B04-A3BC-0995C888718D} = {E4BC8972-8EF8-4A0F-B101-D6FA8564CA49}
		{A50EAB10-387B-4FB1-88C2-3624BC311ABC} = {E4BC8972-8EF8-4A0F-B101-D6FA8564CA49}
		{3AA4377F-8B3D-418D-82B6-2E1A72AFF8E6} = {E4BC8972-8EF8-4A0F-B101-D6FA8564CA49}
		{B8CFB165-9C94-4AE6-8543-87672841FDB7} = {E5C128BD-804E-4484-BC99-AE353286A90B}
		{5128D621-4AD1-4803-B99E-8EABF08A2ABF} = {E5C128BD-804E-4484-BC99-AE353286A90B}
	EndGlobalSection
	GlobalSection(ExtensibilityGlobals) = postSolution
		SolutionGuid = {D7961825-2C47-4E24-ACAB-93FE5A3A1BFA}
	EndGlobalSection
EndGlobal
