
Microsoft Visual Studio Solution File, Format Version 12.00
# Visual Studio Version 16
VisualStudioVersion = 16.0.30523.141
MinimumVisualStudioVersion = 10.0.40219.1
Project("{9A19103F-16F7-4668-BE54-9A1E7A4F7556}") = "lec_001", "lec_001\lec_001.csproj", "{7D933D62-8CCA-4184-ADAE-70BFADA30876}"
EndProject
Project("{2150E333-8FDC-42A3-9474-1A3956D46DE8}") = "MyWork", "MyWork", "{7213053E-0FE3-4758-A397-AB3D86EC9FD2}"
EndProject
Project("{9A19103F-16F7-4668-BE54-9A1E7A4F7556}") = "gl_001_c", "gl_001\gl_001_c.csproj", "{B1F2A854-92D7-4793-B631-DAB7DE19EABC}"
EndProject
Project("{FAE04EC0-301F-11D3-BF4B-00C04F79EFBC}") = "gl_001_n", "gl_001_n\gl_001_n.csproj", "{A071710D-3214-48CE-B42E-B8EA74036415}"
EndProject
Project("{FAE04EC0-301F-11D3-BF4B-00C04F79EFBC}") = "gl_002_n", "gl_002_n\gl_002_n.csproj", "{0FA65A70-0457-4C20-87B1-48620F29DC82}"
EndProject
Project("{FAE04EC0-301F-11D3-BF4B-00C04F79EFBC}") = "gl_003_async_server", "gl_003_async_server\gl_003_async_server.csproj", "{A73E4EA6-7EBC-4A0D-BD70-31340FA1A12B}"
EndProject
Global
	GlobalSection(SolutionConfigurationPlatforms) = preSolution
		Debug|Any CPU = Debug|Any CPU
		Release|Any CPU = Release|Any CPU
	EndGlobalSection
	GlobalSection(ProjectConfigurationPlatforms) = postSolution
		{7D933D62-8CCA-4184-ADAE-70BFADA30876}.Debug|Any CPU.ActiveCfg = Debug|Any CPU
		{7D933D62-8CCA-4184-ADAE-70BFADA30876}.Debug|Any CPU.Build.0 = Debug|Any CPU
		{7D933D62-8CCA-4184-ADAE-70BFADA30876}.Release|Any CPU.ActiveCfg = Release|Any CPU
		{7D933D62-8CCA-4184-ADAE-70BFADA30876}.Release|Any CPU.Build.0 = Release|Any CPU
		{B1F2A854-92D7-4793-B631-DAB7DE19EABC}.Debug|Any CPU.ActiveCfg = Debug|Any CPU
		{B1F2A854-92D7-4793-B631-DAB7DE19EABC}.Debug|Any CPU.Build.0 = Debug|Any CPU
		{B1F2A854-92D7-4793-B631-DAB7DE19EABC}.Release|Any CPU.ActiveCfg = Release|Any CPU
		{B1F2A854-92D7-4793-B631-DAB7DE19EABC}.Release|Any CPU.Build.0 = Release|Any CPU
		{A071710D-3214-48CE-B42E-B8EA74036415}.Debug|Any CPU.ActiveCfg = Debug|Any CPU
		{A071710D-3214-48CE-B42E-B8EA74036415}.Debug|Any CPU.Build.0 = Debug|Any CPU
		{A071710D-3214-48CE-B42E-B8EA74036415}.Release|Any CPU.ActiveCfg = Release|Any CPU
		{A071710D-3214-48CE-B42E-B8EA74036415}.Release|Any CPU.Build.0 = Release|Any CPU
		{0FA65A70-0457-4C20-87B1-48620F29DC82}.Debug|Any CPU.ActiveCfg = Debug|Any CPU
		{0FA65A70-0457-4C20-87B1-48620F29DC82}.Debug|Any CPU.Build.0 = Debug|Any CPU
		{0FA65A70-0457-4C20-87B1-48620F29DC82}.Release|Any CPU.ActiveCfg = Release|Any CPU
		{0FA65A70-0457-4C20-87B1-48620F29DC82}.Release|Any CPU.Build.0 = Release|Any CPU
		{A73E4EA6-7EBC-4A0D-BD70-31340FA1A12B}.Debug|Any CPU.ActiveCfg = Debug|Any CPU
		{A73E4EA6-7EBC-4A0D-BD70-31340FA1A12B}.Debug|Any CPU.Build.0 = Debug|Any CPU
		{A73E4EA6-7EBC-4A0D-BD70-31340FA1A12B}.Release|Any CPU.ActiveCfg = Release|Any CPU
		{A73E4EA6-7EBC-4A0D-BD70-31340FA1A12B}.Release|Any CPU.Build.0 = Release|Any CPU
	EndGlobalSection
	GlobalSection(SolutionProperties) = preSolution
		HideSolutionNode = FALSE
	EndGlobalSection
	GlobalSection(NestedProjects) = preSolution
		{B1F2A854-92D7-4793-B631-DAB7DE19EABC} = {7213053E-0FE3-4758-A397-AB3D86EC9FD2}
		{A071710D-3214-48CE-B42E-B8EA74036415} = {7213053E-0FE3-4758-A397-AB3D86EC9FD2}
		{0FA65A70-0457-4C20-87B1-48620F29DC82} = {7213053E-0FE3-4758-A397-AB3D86EC9FD2}
		{A73E4EA6-7EBC-4A0D-BD70-31340FA1A12B} = {7213053E-0FE3-4758-A397-AB3D86EC9FD2}
	EndGlobalSection
	GlobalSection(ExtensibilityGlobals) = postSolution
		SolutionGuid = {D7961825-2C47-4E24-ACAB-93FE5A3A1BFA}
	EndGlobalSection
EndGlobal
